<?xml version="1.0" encoding="utf-8"?>
<Project ToolsVersion="17.0" xmlns="http://schemas.microsoft.com/developer/msbuild/2003">
  <ItemGroup>
    <ClCompile Include="C:\Users\kimse\NewScop\Scop\Scop_App\App\Scop.cpp">
      <Filter>Source Files</Filter>
    </ClCompile>
    <ClCompile Include="C:\Users\kimse\NewScop\Scop\Scop_App\App\ScopObject.cpp">
      <Filter>Source Files</Filter>
    </ClCompile>
    <ClCompile Include="C:\Users\kimse\NewScop\Scop\Scop_App\App\HumanGLObject.cpp">
      <Filter>Source Files</Filter>
    </ClCompile>
    <ClCompile Include="C:\Users\kimse\NewScop\Scop\Scop_App\Component\Component.cpp">
      <Filter>Source Files</Filter>
    </ClCompile>
    <ClCompile Include="C:\Users\kimse\NewScop\Scop\Scop_App\Component\Transform.cpp">
      <Filter>Source Files</Filter>
    </ClCompile>
    <ClCompile Include="C:\Users\kimse\NewScop\Scop\Scop_App\Component\Animation.cpp">
      <Filter>Source Files</Filter>
    </ClCompile>
    <ClCompile Include="C:\Users\kimse\NewScop\Scop\Scop_App\Graphics\BasicPSO.cpp">
      <Filter>Source Files</Filter>
    </ClCompile>
    <ClCompile Include="C:\Users\kimse\NewScop\Scop\Scop_App\Library\Math\math.cpp">
      <Filter>Source Files</Filter>
    </ClCompile>
    <ClCompile Include="C:\Users\kimse\NewScop\Scop\Scop_App\Library\Math\Matrix.cpp">
      <Filter>Source Files</Filter>
    </ClCompile>
    <ClCompile Include="C:\Users\kimse\NewScop\Scop\Scop_App\Library\Math\Vector.cpp">
      <Filter>Source Files</Filter>
    </ClCompile>
    <ClCompile Include="C:\Users\kimse\NewScop\Scop\Scop_App\Library\BmpLoader.cpp">
      <Filter>Source Files</Filter>
    </ClCompile>
    <ClCompile Include="C:\Users\kimse\NewScop\Scop\Scop_App\Library\ObjMeshLoader.cpp">
      <Filter>Source Files</Filter>
    </ClCompile>
    <ClCompile Include="C:\Users\kimse\NewScop\Scop\Scop_App\Main\main.cpp">
      <Filter>Source Files</Filter>
    </ClCompile>
    <ClCompile Include="C:\Users\kimse\NewScop\Scop\Scop_App\Sources\Common\Vertex.cpp">
      <Filter>Source Files</Filter>
    </ClCompile>
    <ClCompile Include="C:\Users\kimse\NewScop\Scop\Scop_App\Sources\KeyboardMovementController.cpp">
      <Filter>Source Files</Filter>
    </ClCompile>
    <ClCompile Include="C:\Users\kimse\NewScop\Scop\Scop_App\Sources\VulkanBuffer.cpp">
      <Filter>Source Files</Filter>
    </ClCompile>
    <ClCompile Include="C:\Users\kimse\NewScop\Scop\Scop_App\Sources\VulkanCommandBuffer.cpp">
      <Filter>Source Files</Filter>
    </ClCompile>
    <ClCompile Include="C:\Users\kimse\NewScop\Scop\Scop_App\Sources\VulkanDebug.cpp">
      <Filter>Source Files</Filter>
    </ClCompile>
    <ClCompile Include="C:\Users\kimse\NewScop\Scop\Scop_App\Sources\VulkanDevice.cpp">
      <Filter>Source Files</Filter>
    </ClCompile>
    <ClCompile Include="C:\Users\kimse\NewScop\Scop\Scop_App\Sources\VulkanDescriptor.cpp">
      <Filter>Source Files</Filter>
    </ClCompile>
    <ClCompile Include="C:\Users\kimse\NewScop\Scop\Scop_App\Sources\VulkanInstance.cpp">
      <Filter>Source Files</Filter>
    </ClCompile>
    <ClCompile Include="C:\Users\kimse\NewScop\Scop\Scop_App\Sources\VulkanModel.cpp">
      <Filter>Source Files</Filter>
    </ClCompile>
    <ClCompile Include="C:\Users\kimse\NewScop\Scop\Scop_App\Sources\VulkanPhysicalDevice.cpp">
      <Filter>Source Files</Filter>
    </ClCompile>
    <ClCompile Include="C:\Users\kimse\NewScop\Scop\Scop_App\Sources\VulkanPipeline.cpp">
      <Filter>Source Files</Filter>
    </ClCompile>
    <ClCompile Include="C:\Users\kimse\NewScop\Scop\Scop_App\Sources\VulkanPipelineState.cpp">
      <Filter>Source Files</Filter>
    </ClCompile>
    <ClCompile Include="C:\Users\kimse\NewScop\Scop\Scop_App\Sources\VulkanQueue.cpp">
      <Filter>Source Files</Filter>
    </ClCompile>
    <ClCompile Include="C:\Users\kimse\NewScop\Scop\Scop_App\Sources\VulkanRenderer.cpp">
      <Filter>Source Files</Filter>
    </ClCompile>
    <ClCompile Include="C:\Users\kimse\NewScop\Scop\Scop_App\Sources\VulkanSwapChain.cpp">
      <Filter>Source Files</Filter>
    </ClCompile>
    <ClCompile Include="C:\Users\kimse\NewScop\Scop\Scop_App\Sources\VulkanTexture.cpp">
      <Filter>Source Files</Filter>
    </ClCompile>
    <ClCompile Include="C:\Users\kimse\NewScop\Scop\Scop_App\Sources\VulkanTools.cpp">
      <Filter>Source Files</Filter>
    </ClCompile>
    <ClCompile Include="C:\Users\kimse\NewScop\Scop\Scop_App\Sources\VulkanUtils.cpp">
      <Filter>Source Files</Filter>
    </ClCompile>
    <ClCompile Include="C:\Users\kimse\NewScop\Scop\Scop_App\Sources\VulkanAnimationModel.cpp">
      <Filter>Source Files</Filter>
    </ClCompile>
    <ClCompile Include="C:\Users\kimse\NewScop\Scop\Scop_App\Window\GlfwWindow.cpp">
      <Filter>Source Files</Filter>
    </ClCompile>
    <ClCompile Include="Scop_App\Sources\Input.cpp">
      <Filter>Source Files</Filter>
    </ClCompile>
  </ItemGroup>
  <ItemGroup>
    <ClInclude Include="C:\Users\kimse\NewScop\Scop\Scop_App\App\Scop.hpp">
      <Filter>Header Files</Filter>
    </ClInclude>
    <ClInclude Include="C:\Users\kimse\NewScop\Scop\Scop_App\App\ScopObject.hpp">
      <Filter>Header Files</Filter>
    </ClInclude>
    <ClInclude Include="C:\Users\kimse\NewScop\Scop\Scop_App\App\HumanGLObject.hpp">
      <Filter>Header Files</Filter>
    </ClInclude>
    <ClInclude Include="C:\Users\kimse\NewScop\Scop\Scop_App\Component\Component.hpp">
      <Filter>Header Files</Filter>
    </ClInclude>
    <ClInclude Include="C:\Users\kimse\NewScop\Scop\Scop_App\Component\Transform.hpp">
      <Filter>Header Files</Filter>
    </ClInclude>
    <ClInclude Include="C:\Users\kimse\NewScop\Scop\Scop_App\Component\Animation.hpp">
      <Filter>Header Files</Filter>
    </ClInclude>
    <ClInclude Include="C:\Users\kimse\NewScop\Scop\Scop_App\Graphics\BasicPSO.hpp">
      <Filter>Header Files</Filter>
    </ClInclude>
    <ClInclude Include="C:\Users\kimse\NewScop\Scop\Scop_App\Includes\Common\IVulkanModel.hpp">
      <Filter>Header Files</Filter>
    </ClInclude>
    <ClInclude Include="C:\Users\kimse\NewScop\Scop\Scop_App\Includes\Common\Vertex.hpp">
      <Filter>Header Files</Filter>
    </ClInclude>
    <ClInclude Include="C:\Users\kimse\NewScop\Scop\Scop_App\Includes\Common\ShaderData.hpp">
      <Filter>Header Files</Filter>
    </ClInclude>
    <ClInclude Include="C:\Users\kimse\NewScop\Scop\Scop_App\Includes\helpers.hpp">
      <Filter>Header Files</Filter>
    </ClInclude>
    <ClInclude Include="C:\Users\kimse\NewScop\Scop\Scop_App\Includes\KeyboardMovementController.hpp">
      <Filter>Header Files</Filter>
    </ClInclude>
    <ClInclude Include="C:\Users\kimse\NewScop\Scop\Scop_App\Includes\Types.hpp">
      <Filter>Header Files</Filter>
    </ClInclude>
    <ClInclude Include="C:\Users\kimse\NewScop\Scop\Scop_App\Includes\VulkanBuffer.hpp">
      <Filter>Header Files</Filter>
    </ClInclude>
    <ClInclude Include="C:\Users\kimse\NewScop\Scop\Scop_App\Includes\VulkanCommandBuffer.hpp">
      <Filter>Header Files</Filter>
    </ClInclude>
    <ClInclude Include="C:\Users\kimse\NewScop\Scop\Scop_App\Includes\VulkanDebug.hpp">
      <Filter>Header Files</Filter>
    </ClInclude>
    <ClInclude Include="C:\Users\kimse\NewScop\Scop\Scop_App\Includes\VulkanDescriptor.hpp">
      <Filter>Header Files</Filter>
    </ClInclude>
    <ClInclude Include="C:\Users\kimse\NewScop\Scop\Scop_App\Includes\VulkanDevice.hpp">
      <Filter>Header Files</Filter>
    </ClInclude>
    <ClInclude Include="C:\Users\kimse\NewScop\Scop\Scop_App\Includes\VulkanInitializers.hpp">
      <Filter>Header Files</Filter>
    </ClInclude>
    <ClInclude Include="C:\Users\kimse\NewScop\Scop\Scop_App\Includes\VulkanInstance.hpp">
      <Filter>Header Files</Filter>
    </ClInclude>
    <ClInclude Include="C:\Users\kimse\NewScop\Scop\Scop_App\Includes\VulkanModel.hpp">
      <Filter>Header Files</Filter>
    </ClInclude>
    <ClInclude Include="C:\Users\kimse\NewScop\Scop\Scop_App\Includes\VulkanPhysicalDevice.hpp">
      <Filter>Header Files</Filter>
    </ClInclude>
    <ClInclude Include="C:\Users\kimse\NewScop\Scop\Scop_App\Includes\VulkanPipeline.hpp">
      <Filter>Header Files</Filter>
    </ClInclude>
    <ClInclude Include="C:\Users\kimse\NewScop\Scop\Scop_App\Includes\VulkanPipelineState.hpp">
      <Filter>Header Files</Filter>
    </ClInclude>
    <ClInclude Include="C:\Users\kimse\NewScop\Scop\Scop_App\Includes\VulkanQueue.hpp">
      <Filter>Header Files</Filter>
    </ClInclude>
    <ClInclude Include="C:\Users\kimse\NewScop\Scop\Scop_App\Includes\VulkanRenderer.hpp">
      <Filter>Header Files</Filter>
    </ClInclude>
    <ClInclude Include="C:\Users\kimse\NewScop\Scop\Scop_App\Includes\VulkanSwapChain.hpp">
      <Filter>Header Files</Filter>
    </ClInclude>
    <ClInclude Include="C:\Users\kimse\NewScop\Scop\Scop_App\Includes\VulkanTexture.hpp">
      <Filter>Header Files</Filter>
    </ClInclude>
    <ClInclude Include="C:\Users\kimse\NewScop\Scop\Scop_App\Includes\VulkanTools.hpp">
      <Filter>Header Files</Filter>
    </ClInclude>
    <ClInclude Include="C:\Users\kimse\NewScop\Scop\Scop_App\Includes\VulkanUtils.hpp">
      <Filter>Header Files</Filter>
    </ClInclude>
    <ClInclude Include="C:\Users\kimse\NewScop\Scop\Scop_App\Includes\VulkanAnimationModel.hpp">
      <Filter>Header Files</Filter>
    </ClInclude>
    <ClInclude Include="C:\Users\kimse\NewScop\Scop\Scop_App\Includes\Input.hpp">
      <Filter>Header Files</Filter>
    </ClInclude>
    <ClInclude Include="C:\Users\kimse\NewScop\Scop\Scop_App\Library\Math\math.hpp">
      <Filter>Header Files</Filter>
    </ClInclude>
    <ClInclude Include="C:\Users\kimse\NewScop\Scop\Scop_App\Library\Math\Matrix.hpp">
      <Filter>Header Files</Filter>
    </ClInclude>
    <ClInclude Include="C:\Users\kimse\NewScop\Scop\Scop_App\Library\Math\Vector.hpp">
      <Filter>Header Files</Filter>
    </ClInclude>
    <ClInclude Include="C:\Users\kimse\NewScop\Scop\Scop_App\Library\BmpLoader.hpp">
      <Filter>Header Files</Filter>
    </ClInclude>
    <ClInclude Include="C:\Users\kimse\NewScop\Scop\Scop_App\Library\ObjMeshLoader.hpp">
      <Filter>Header Files</Filter>
    </ClInclude>
    <ClInclude Include="C:\Users\kimse\NewScop\Scop\Scop_App\Window\GlfwWindow.hpp">
      <Filter>Header Files</Filter>
    </ClInclude>
  </ItemGroup>
  <ItemGroup>
    <CustomBuild Include="C:\Users\kimse\NewScop\Scop\CMakeLists.txt" />
  </ItemGroup>
  <ItemGroup>
    <Filter Include="Header Files">
      <UniqueIdentifier>{CC46D130-35C6-332B-86A1-5F26CF4728AC}</UniqueIdentifier>
    </Filter>
    <Filter Include="Source Files">
      <UniqueIdentifier>{17986830-04C8-32E8-9E93-F7CF89E98E8F}</UniqueIdentifier>
    </Filter>
  </ItemGroup>
</Project>